
Microsoft Visual Studio Solution File, Format Version 12.00
# Visual Studio 15
VisualStudioVersion = 15.0.28307.329
MinimumVisualStudioVersion = 10.0.40219.1
Project("{FAE04EC0-301F-11D3-BF4B-00C04F79EFBC}") = "Assinado.Cert", "Assinado.Cert\Assinado.Cert.csproj", "{6F2EB9DB-4BF3-4D52-9B81-35E975E5835D}"
EndProject
Global
	GlobalSection(SolutionConfigurationPlatforms) = preSolution
		Debug|Any CPU = Debug|Any CPU
		Release|Any CPU = Release|Any CPU
	EndGlobalSection
	GlobalSection(ProjectConfigurationPlatforms) = postSolution
		{6F2EB9DB-4BF3-4D52-9B81-35E975E5835D}.Debug|Any CPU.ActiveCfg = Debug|Any CPU
		{6F2EB9DB-4BF3-4D52-9B81-35E975E5835D}.Debug|Any CPU.Build.0 = Debug|Any CPU
		{6F2EB9DB-4BF3-4D52-9B81-35E975E5835D}.Release|Any CPU.ActiveCfg = Release|Any CPU
		{6F2EB9DB-4BF3-4D52-9B81-35E975E5835D}.Release|Any CPU.Build.0 = Release|Any CPU
	EndGlobalSection
	GlobalSection(SolutionProperties) = preSolution
		HideSolutionNode = FALSE
	EndGlobalSection
	GlobalSection(ExtensibilityGlobals) = postSolution
		SolutionGuid = {751BC40E-88FB-4FAF-A689-396A4B283895}
	EndGlobalSection
EndGlobal
